
Microsoft Visual Studio Solution File, Format Version 12.00
# Visual Studio Version 16
VisualStudioVersion = 16.0.31321.278
MinimumVisualStudioVersion = 10.0.40219.1
Project("{FAE04EC0-301F-11D3-BF4B-00C04F79EFBC}") = "HomeLibraryAPI", "HomeLibraryAPI\HomeLibraryAPI.csproj", "{AF15E84B-D290-497C-8EE2-E24A0C7D5635}"
EndProject
Project("{FAE04EC0-301F-11D3-BF4B-00C04F79EFBC}") = "Contracts", "Contracts\Contracts.csproj", "{17A302DF-20E0-4C39-A8AD-C8D7591AA049}"
EndProject
Project("{FAE04EC0-301F-11D3-BF4B-00C04F79EFBC}") = "LoggerService", "LoggerService\LoggerService.csproj", "{4D0FC094-BBEB-43CE-9403-B00CB908180A}"
EndProject
Global
	GlobalSection(SolutionConfigurationPlatforms) = preSolution
		Debug|Any CPU = Debug|Any CPU
		Release|Any CPU = Release|Any CPU
	EndGlobalSection
	GlobalSection(ProjectConfigurationPlatforms) = postSolution
		{AF15E84B-D290-497C-8EE2-E24A0C7D5635}.Debug|Any CPU.ActiveCfg = Debug|Any CPU
		{AF15E84B-D290-497C-8EE2-E24A0C7D5635}.Debug|Any CPU.Build.0 = Debug|Any CPU
		{AF15E84B-D290-497C-8EE2-E24A0C7D5635}.Release|Any CPU.ActiveCfg = Release|Any CPU
		{AF15E84B-D290-497C-8EE2-E24A0C7D5635}.Release|Any CPU.Build.0 = Release|Any CPU
		{17A302DF-20E0-4C39-A8AD-C8D7591AA049}.Debug|Any CPU.ActiveCfg = Debug|Any CPU
		{17A302DF-20E0-4C39-A8AD-C8D7591AA049}.Debug|Any CPU.Build.0 = Debug|Any CPU
		{17A302DF-20E0-4C39-A8AD-C8D7591AA049}.Release|Any CPU.ActiveCfg = Release|Any CPU
		{17A302DF-20E0-4C39-A8AD-C8D7591AA049}.Release|Any CPU.Build.0 = Release|Any CPU
		{4D0FC094-BBEB-43CE-9403-B00CB908180A}.Debug|Any CPU.ActiveCfg = Debug|Any CPU
		{4D0FC094-BBEB-43CE-9403-B00CB908180A}.Debug|Any CPU.Build.0 = Debug|Any CPU
		{4D0FC094-BBEB-43CE-9403-B00CB908180A}.Release|Any CPU.ActiveCfg = Release|Any CPU
		{4D0FC094-BBEB-43CE-9403-B00CB908180A}.Release|Any CPU.Build.0 = Release|Any CPU
	EndGlobalSection
	GlobalSection(SolutionProperties) = preSolution
		HideSolutionNode = FALSE
	EndGlobalSection
	GlobalSection(ExtensibilityGlobals) = postSolution
		SolutionGuid = {0F241E2C-668F-4DF1-8888-537AF9FF5000}
	EndGlobalSection
EndGlobal
